
Microsoft Visual Studio Solution File, Format Version 12.00
# Visual Studio Version 17
VisualStudioVersion = 17.14.36203.30 d17.14
MinimumVisualStudioVersion = 10.0.40219.1
Project("{FAE04EC0-301F-11D3-BF4B-00C04F79EFBC}") = "ehrms", "ehrms\ehrms.csproj", "{243BAEDF-8422-43CB-AEC3-F170646FBF53}"
EndProject
Global
	GlobalSection(SolutionConfigurationPlatforms) = preSolution
		Debug|Any CPU = Debug|Any CPU
		Release|Any CPU = Release|Any CPU
	EndGlobalSection
	GlobalSection(ProjectConfigurationPlatforms) = postSolution
		{243BAEDF-8422-43CB-AEC3-F170646FBF53}.Debug|Any CPU.ActiveCfg = Debug|Any CPU
		{243BAEDF-8422-43CB-AEC3-F170646FBF53}.Debug|Any CPU.Build.0 = Debug|Any CPU
		{243BAEDF-8422-43CB-AEC3-F170646FBF53}.Release|Any CPU.ActiveCfg = Release|Any CPU
		{243BAEDF-8422-43CB-AEC3-F170646FBF53}.Release|Any CPU.Build.0 = Release|Any CPU
	EndGlobalSection
	GlobalSection(SolutionProperties) = preSolution
		HideSolutionNode = FALSE
	EndGlobalSection
	GlobalSection(ExtensibilityGlobals) = postSolution
		SolutionGuid = {A8461382-9A50-43EA-AA41-D6FE9CACF54A}
	EndGlobalSection
EndGlobal
